// !$*UTF8*$!
{
	archiveVersion = 1;
	classes = {
	};
	objectVersion = 77;
	objects = {

/* Begin PBXBuildFile section */
		12299021B552490B2C1C4F17 /* TaskWraithApp.swift in Sources */ = {isa = PBXBuildFile; fileRef = 37C10FF27BC422B0B9C03EBE /* TaskWraithApp.swift */; };
		4A61C43FA6F6EFB08305AF86 /* NotificationService.swift in Sources */ = {isa = PBXBuildFile; fileRef = 1E7841161EEA2E7F087A1915 /* NotificationService.swift */; };
		54644332E7359BDF2EBA0662 /* PrivacyInfo.xcprivacy in Resources */ = {isa = PBXBuildFile; fileRef = 793E610251E2C2C41B44C224 /* PrivacyInfo.xcprivacy */; };
		600CA3765FCBC9EF601930C5 /* TaskWraithNotificationService.appex in Embed Foundation Extensions */ = {isa = PBXBuildFile; fileRef = 2740C3085DB5AC121E98C173 /* TaskWraithNotificationService.appex */; settings = {ATTRIBUTES = (RemoveHeadersOnCopy, ); }; };
		86FFF3D3461B52C64C62367A /* TaskWraithKit in Frameworks */ = {isa = PBXBuildFile; productRef = 82D6D74C2FEF1679DD51831D /* TaskWraithKit */; };
		9F4932E7183327339A41AF84 /* TaskWraithAppLifecycleTests.swift in Sources */ = {isa = PBXBuildFile; fileRef = 8738F17EF74CF59C08107065 /* TaskWraithAppLifecycleTests.swift */; };
		A4DCD2CE78DEEEB16D3B82C8 /* Assets.xcassets in Resources */ = {isa = PBXBuildFile; fileRef = 2F7552D09A7EE4DFE7C62B6F /* Assets.xcassets */; };
		BB498271F052F45C5816493E /* TaskWraithLaunchUITests.swift in Sources */ = {isa = PBXBuildFile; fileRef = 3AC061527DD5E03FB2CB5FB6 /* TaskWraithLaunchUITests.swift */; };
		CE7101A9804142C180B58774 /* TaskWraithUI in Frameworks */ = {isa = PBXBuildFile; productRef = AF7441603810B23EE879F5FE /* TaskWraithUI */; };
/* End PBXBuildFile section */

/* Begin PBXContainerItemProxy section */
		5A39442E643AD1C839C8FA80 /* PBXContainerItemProxy */ = {
			isa = PBXContainerItemProxy;
			containerPortal = 7EDAC42A25DE2C23EFE5B551 /* Project object */;
			proxyType = 1;
			remoteGlobalIDString = 128D0C747C6AABF5D8B7C430;
			remoteInfo = TaskWraithNotificationService;
		};
		7425C7A0E21A2F2D57E48521 /* PBXContainerItemProxy */ = {
			isa = PBXContainerItemProxy;
			containerPortal = 7EDAC42A25DE2C23EFE5B551 /* Project object */;
			proxyType = 1;
			remoteGlobalIDString = 903E69D509196DD2813843C7;
			remoteInfo = TaskWraith;
		};
		951C0BB54D64F46125A5DFDD /* PBXContainerItemProxy */ = {
			isa = PBXContainerItemProxy;
			containerPortal = 7EDAC42A25DE2C23EFE5B551 /* Project object */;
			proxyType = 1;
			remoteGlobalIDString = 903E69D509196DD2813843C7;
			remoteInfo = TaskWraith;
		};
/* End PBXContainerItemProxy section */

/* Begin PBXCopyFilesBuildPhase section */
		A186C94AC4166BF979334724 /* Embed Foundation Extensions */ = {
			isa = PBXCopyFilesBuildPhase;
			buildActionMask = 2147483647;
			dstPath = "";
			dstSubfolderSpec = 13;
			files = (
				600CA3765FCBC9EF601930C5 /* TaskWraithNotificationService.appex in Embed Foundation Extensions */,
			);
			name = "Embed Foundation Extensions";
			runOnlyForDeploymentPostprocessing = 0;
		};
/* End PBXCopyFilesBuildPhase section */

/* Begin PBXFileReference section */
		1E7841161EEA2E7F087A1915 /* NotificationService.swift */ = {isa = PBXFileReference; lastKnownFileType = sourcecode.swift; path = NotificationService.swift; sourceTree = "<group>"; };
		2740C3085DB5AC121E98C173 /* TaskWraithNotificationService.appex */ = {isa = PBXFileReference; includeInIndex = 0; lastKnownFileType = "wrapper.app-extension"; path = TaskWraithNotificationService.appex; sourceTree = BUILT_PRODUCTS_DIR; };
		2F7552D09A7EE4DFE7C62B6F /* Assets.xcassets */ = {isa = PBXFileReference; lastKnownFileType = folder.assetcatalog; path = Assets.xcassets; sourceTree = "<group>"; };
		3370BF58F95DC204BE950651 /* TaskWraith.app */ = {isa = PBXFileReference; includeInIndex = 0; lastKnownFileType = wrapper.application; path = TaskWraith.app; sourceTree = BUILT_PRODUCTS_DIR; };
		37C10FF27BC422B0B9C03EBE /* TaskWraithApp.swift */ = {isa = PBXFileReference; lastKnownFileType = sourcecode.swift; path = TaskWraithApp.swift; sourceTree = "<group>"; };
		3AC061527DD5E03FB2CB5FB6 /* TaskWraithLaunchUITests.swift */ = {isa = PBXFileReference; lastKnownFileType = sourcecode.swift; path = TaskWraithLaunchUITests.swift; sourceTree = "<group>"; };
		5829A7D0E9EA0BDA0DEB9BE3 /* TaskWraithKit */ = {isa = PBXFileReference; lastKnownFileType = folder; name = TaskWraithKit; path = ../TaskWraithKit; sourceTree = SOURCE_ROOT; };
		70D53F402BCC1456A7E9D116 /* Info.plist */ = {isa = PBXFileReference; lastKnownFileType = text.plist; path = Info.plist; sourceTree = "<group>"; };
		793E610251E2C2C41B44C224 /* PrivacyInfo.xcprivacy */ = {isa = PBXFileReference; path = PrivacyInfo.xcprivacy; sourceTree = "<group>"; };
		8738F17EF74CF59C08107065 /* TaskWraithAppLifecycleTests.swift */ = {isa = PBXFileReference; lastKnownFileType = sourcecode.swift; path = TaskWraithAppLifecycleTests.swift; sourceTree = "<group>"; };
		A12FB9A2BBEAC31DB7D439FE /* TaskWraithUnitTests.xctest */ = {isa = PBXFileReference; includeInIndex = 0; lastKnownFileType = wrapper.cfbundle; path = TaskWraithUnitTests.xctest; sourceTree = BUILT_PRODUCTS_DIR; };
		F52EAA275EC223F7FEF2C488 /* TaskWraithUITests.xctest */ = {isa = PBXFileReference; includeInIndex = 0; lastKnownFileType = wrapper.cfbundle; path = TaskWraithUITests.xctest; sourceTree = BUILT_PRODUCTS_DIR; };
		FAD184B8DAC8733EE42CBCA3 /* NotificationService.entitlements */ = {isa = PBXFileReference; lastKnownFileType = text.plist.entitlements; path = NotificationService.entitlements; sourceTree = "<group>"; };
/* End PBXFileReference section */

/* Begin PBXFrameworksBuildPhase section */
		4E3427B7FD006079DDE9829E /* Frameworks */ = {
			isa = PBXFrameworksBuildPhase;
			buildActionMask = 2147483647;
			files = (
				CE7101A9804142C180B58774 /* TaskWraithUI in Frameworks */,
			);
			runOnlyForDeploymentPostprocessing = 0;
		};
		9CFD82D0ACF22D3310C5040D /* Frameworks */ = {
			isa = PBXFrameworksBuildPhase;
			buildActionMask = 2147483647;
			files = (
				86FFF3D3461B52C64C62367A /* TaskWraithKit in Frameworks */,
			);
			runOnlyForDeploymentPostprocessing = 0;
		};
/* End PBXFrameworksBuildPhase section */

/* Begin PBXGroup section */
		41DE9D4170EB82221270AD35 /* NotificationService */ = {
			isa = PBXGroup;
			children = (
				70D53F402BCC1456A7E9D116 /* Info.plist */,
				FAD184B8DAC8733EE42CBCA3 /* NotificationService.entitlements */,
				1E7841161EEA2E7F087A1915 /* NotificationService.swift */,
			);
			path = NotificationService;
			sourceTree = "<group>";
		};
		9CCA702279B1520D4D4FA69B /* Packages */ = {
			isa = PBXGroup;
			children = (
				5829A7D0E9EA0BDA0DEB9BE3 /* TaskWraithKit */,
			);
			name = Packages;
			sourceTree = "<group>";
		};
		C279D506DC9E5BEE0A688F02 /* UITests */ = {
			isa = PBXGroup;
			children = (
				3AC061527DD5E03FB2CB5FB6 /* TaskWraithLaunchUITests.swift */,
			);
			path = UITests;
			sourceTree = "<group>";
		};
		C426F51569084718B9807C1D /* UnitTests */ = {
			isa = PBXGroup;
			children = (
				8738F17EF74CF59C08107065 /* TaskWraithAppLifecycleTests.swift */,
			);
			path = UnitTests;
			sourceTree = "<group>";
		};
		D89E7A6E5D7925DE3A63DCC8 = {
			isa = PBXGroup;
			children = (
				2F7552D09A7EE4DFE7C62B6F /* Assets.xcassets */,
				793E610251E2C2C41B44C224 /* PrivacyInfo.xcprivacy */,
				41DE9D4170EB82221270AD35 /* NotificationService */,
				9CCA702279B1520D4D4FA69B /* Packages */,
				E5A6165A2A67DB975B626F53 /* Sources */,
				C279D506DC9E5BEE0A688F02 /* UITests */,
				C426F51569084718B9807C1D /* UnitTests */,
				ED8B6943A8048572BE4B3966 /* Products */,
			);
			sourceTree = "<group>";
		};
		E5A6165A2A67DB975B626F53 /* Sources */ = {
			isa = PBXGroup;
			children = (
				37C10FF27BC422B0B9C03EBE /* TaskWraithApp.swift */,
			);
			path = Sources;
			sourceTree = "<group>";
		};
		ED8B6943A8048572BE4B3966 /* Products */ = {
			isa = PBXGroup;
			children = (
				3370BF58F95DC204BE950651 /* TaskWraith.app */,
				2740C3085DB5AC121E98C173 /* TaskWraithNotificationService.appex */,
				F52EAA275EC223F7FEF2C488 /* TaskWraithUITests.xctest */,
				A12FB9A2BBEAC31DB7D439FE /* TaskWraithUnitTests.xctest */,
			);
			name = Products;
			sourceTree = "<group>";
		};
/* End PBXGroup section */

/* Begin PBXNativeTarget section */
		128D0C747C6AABF5D8B7C430 /* TaskWraithNotificationService */ = {
			isa = PBXNativeTarget;
			buildConfigurationList = 60B867136956475E7A7ED7E9 /* Build configuration list for PBXNativeTarget "TaskWraithNotificationService" */;
			buildPhases = (
				A5817696FEE14E886E908C5A /* Sources */,
				9CFD82D0ACF22D3310C5040D /* Frameworks */,
			);
			buildRules = (
			);
			dependencies = (
			);
			name = TaskWraithNotificationService;
			packageProductDependencies = (
				82D6D74C2FEF1679DD51831D /* TaskWraithKit */,
			);
			productName = TaskWraithNotificationService;
			productReference = 2740C3085DB5AC121E98C173 /* TaskWraithNotificationService.appex */;
			productType = "com.apple.product-type.app-extension";
		};
		69F7039FFA76556A86EA4F61 /* TaskWraithUnitTests */ = {
			isa = PBXNativeTarget;
			buildConfigurationList = CECB631C2B76D5B789B6213E /* Build configuration list for PBXNativeTarget "TaskWraithUnitTests" */;
			buildPhases = (
				26610E19E70762FF57FDC750 /* Sources */,
			);
			buildRules = (
			);
			dependencies = (
				665408EC263C14BB05E3EA01 /* PBXTargetDependency */,
			);
			name = TaskWraithUnitTests;
			packageProductDependencies = (
			);
			productName = TaskWraithUnitTests;
			productReference = A12FB9A2BBEAC31DB7D439FE /* TaskWraithUnitTests.xctest */;
			productType = "com.apple.product-type.bundle.unit-test";
		};
		7C137810DC96E5EBA0FC4C3A /* TaskWraithUITests */ = {
			isa = PBXNativeTarget;
			buildConfigurationList = DE5DA8BC44E59F0A2F4A65EC /* Build configuration list for PBXNativeTarget "TaskWraithUITests" */;
			buildPhases = (
				ECFD5BBB8B5A2FC1346B6DBB /* Sources */,
			);
			buildRules = (
			);
			dependencies = (
				E4AE49283F799B02AC3A4761 /* PBXTargetDependency */,
			);
			name = TaskWraithUITests;
			packageProductDependencies = (
			);
			productName = TaskWraithUITests;
			productReference = F52EAA275EC223F7FEF2C488 /* TaskWraithUITests.xctest */;
			productType = "com.apple.product-type.bundle.ui-testing";
		};
		903E69D509196DD2813843C7 /* TaskWraith */ = {
			isa = PBXNativeTarget;
			buildConfigurationList = C60AB6663BCAA998B2E59136 /* Build configuration list for PBXNativeTarget "TaskWraith" */;
			buildPhases = (
				988AFDB68A5E29AE2CBF2DF7 /* Sources */,
				EB2DC7118F9AA76C6B6BD2F7 /* Resources */,
				4E3427B7FD006079DDE9829E /* Frameworks */,
				A186C94AC4166BF979334724 /* Embed Foundation Extensions */,
			);
			buildRules = (
			);
			dependencies = (
				2D2BA933603749C303FC4C39 /* PBXTargetDependency */,
			);
			name = TaskWraith;
			packageProductDependencies = (
				AF7441603810B23EE879F5FE /* TaskWraithUI */,
			);
			productName = TaskWraith;
			productReference = 3370BF58F95DC204BE950651 /* TaskWraith.app */;
			productType = "com.apple.product-type.application";
		};
/* End PBXNativeTarget section */

/* Begin PBXProject section */
		7EDAC42A25DE2C23EFE5B551 /* Project object */ = {
			isa = PBXProject;
			attributes = {
				BuildIndependentTargetsInParallel = YES;
				LastUpgradeCheck = 1430;
				TargetAttributes = {
					128D0C747C6AABF5D8B7C430 = {
						DevelopmentTeam = 8CZML8FK2D;
						ProvisioningStyle = Automatic;
					};
					69F7039FFA76556A86EA4F61 = {
						ProvisioningStyle = Automatic;
					};
					7C137810DC96E5EBA0FC4C3A = {
						ProvisioningStyle = Automatic;
						TestTargetID = 903E69D509196DD2813843C7;
					};
					903E69D509196DD2813843C7 = {
						DevelopmentTeam = 8CZML8FK2D;
						ProvisioningStyle = Automatic;
					};
				};
			};
			buildConfigurationList = 20E0383AE089372BB7C418AF /* Build configuration list for PBXProject "TaskWraith" */;
			developmentRegion = en;
			hasScannedForEncodings = 0;
			knownRegions = (
				Base,
				en,
			);
			mainGroup = D89E7A6E5D7925DE3A63DCC8;
			minimizedProjectReferenceProxies = 1;
			packageReferences = (
				1855D6887EB4E2132CB39DE1 /* XCLocalSwiftPackageReference "../TaskWraithKit" */,
			);
			preferredProjectObjectVersion = 77;
			productRefGroup = ED8B6943A8048572BE4B3966 /* Products */;
			projectDirPath = "";
			projectRoot = "";
			targets = (
				903E69D509196DD2813843C7 /* TaskWraith */,
				128D0C747C6AABF5D8B7C430 /* TaskWraithNotificationService */,
				7C137810DC96E5EBA0FC4C3A /* TaskWraithUITests */,
				69F7039FFA76556A86EA4F61 /* TaskWraithUnitTests */,
			);
		};
/* End PBXProject section */

/* Begin PBXResourcesBuildPhase section */
		EB2DC7118F9AA76C6B6BD2F7 /* Resources */ = {
			isa = PBXResourcesBuildPhase;
			buildActionMask = 2147483647;
			files = (
				A4DCD2CE78DEEEB16D3B82C8 /* Assets.xcassets in Resources */,
				54644332E7359BDF2EBA0662 /* PrivacyInfo.xcprivacy in Resources */,
			);
			runOnlyForDeploymentPostprocessing = 0;
		};
/* End PBXResourcesBuildPhase section */

/* Begin PBXSourcesBuildPhase section */
		26610E19E70762FF57FDC750 /* Sources */ = {
			isa = PBXSourcesBuildPhase;
			buildActionMask = 2147483647;
			files = (
				9F4932E7183327339A41AF84 /* TaskWraithAppLifecycleTests.swift in Sources */,
			);
			runOnlyForDeploymentPostprocessing = 0;
		};
		988AFDB68A5E29AE2CBF2DF7 /* Sources */ = {
			isa = PBXSourcesBuildPhase;
			buildActionMask = 2147483647;
			files = (
				12299021B552490B2C1C4F17 /* TaskWraithApp.swift in Sources */,
			);
			runOnlyForDeploymentPostprocessing = 0;
		};
		A5817696FEE14E886E908C5A /* Sources */ = {
			isa = PBXSourcesBuildPhase;
			buildActionMask = 2147483647;
			files = (
				4A61C43FA6F6EFB08305AF86 /* NotificationService.swift in Sources */,
			);
			runOnlyForDeploymentPostprocessing = 0;
		};
		ECFD5BBB8B5A2FC1346B6DBB /* Sources */ = {
			isa = PBXSourcesBuildPhase;
			buildActionMask = 2147483647;
			files = (
				BB498271F052F45C5816493E /* TaskWraithLaunchUITests.swift in Sources */,
			);
			runOnlyForDeploymentPostprocessing = 0;
		};
/* End PBXSourcesBuildPhase section */

/* Begin PBXTargetDependency section */
		2D2BA933603749C303FC4C39 /* PBXTargetDependency */ = {
			isa = PBXTargetDependency;
			target = 128D0C747C6AABF5D8B7C430 /* TaskWraithNotificationService */;
			targetProxy = 5A39442E643AD1C839C8FA80 /* PBXContainerItemProxy */;
		};
		665408EC263C14BB05E3EA01 /* PBXTargetDependency */ = {
			isa = PBXTargetDependency;
			target = 903E69D509196DD2813843C7 /* TaskWraith */;
			targetProxy = 951C0BB54D64F46125A5DFDD /* PBXContainerItemProxy */;
		};
		E4AE49283F799B02AC3A4761 /* PBXTargetDependency */ = {
			isa = PBXTargetDependency;
			target = 903E69D509196DD2813843C7 /* TaskWraith */;
			targetProxy = 7425C7A0E21A2F2D57E48521 /* PBXContainerItemProxy */;
		};
/* End PBXTargetDependency section */

/* Begin XCBuildConfiguration section */
		2F3CAC1B6602AB6E34507DA4 /* Release */ = {
			isa = XCBuildConfiguration;
			buildSettings = {
				BUNDLE_LOADER = "$(TEST_HOST)";
				CODE_SIGN_STYLE = Automatic;
				LD_RUNPATH_SEARCH_PATHS = (
					"$(inherited)",
					"@executable_path/Frameworks",
					"@loader_path/Frameworks",
				);
				PRODUCT_BUNDLE_IDENTIFIER = com.taskwraith.companion.tests;
				SDKROOT = iphoneos;
				SWIFT_VERSION = 6.0;
				TARGETED_DEVICE_FAMILY = "1,2";
				TEST_HOST = "$(BUILT_PRODUCTS_DIR)/TaskWraith.app/TaskWraith";
			};
			name = Release;
		};
		61E371FA2717D7817EE18E05 /* Release */ = {
			isa = XCBuildConfiguration;
			buildSettings = {
				BUNDLE_LOADER = "$(TEST_HOST)";
				CODE_SIGN_STYLE = Automatic;
				LD_RUNPATH_SEARCH_PATHS = (
					"$(inherited)",
					"@executable_path/Frameworks",
					"@loader_path/Frameworks",
				);
				PRODUCT_BUNDLE_IDENTIFIER = com.taskwraith.companion.uitests;
				SDKROOT = iphoneos;
				SWIFT_VERSION = 6.0;
				TARGETED_DEVICE_FAMILY = "1,2";
				TEST_TARGET_NAME = TaskWraith;
			};
			name = Release;
		};
		691005431A6A29EC6B7A791F /* Debug */ = {
			isa = XCBuildConfiguration;
			buildSettings = {
				CODE_SIGN_ENTITLEMENTS = NotificationService/NotificationService.entitlements;
				CODE_SIGN_STYLE = Automatic;
				CURRENT_PROJECT_VERSION = 48;
				DEVELOPMENT_TEAM = 8CZML8FK2D;
				INFOPLIST_FILE = NotificationService/Info.plist;
				LD_RUNPATH_SEARCH_PATHS = (
					"$(inherited)",
					"@executable_path/Frameworks",
					"@executable_path/../../Frameworks",
				);
				MARKETING_VERSION = 0.1.0;
				PRODUCT_BUNDLE_IDENTIFIER = com.taskwraith.companion.nse;
				SDKROOT = iphoneos;
				SWIFT_VERSION = 6.0;
				TARGETED_DEVICE_FAMILY = "1,2";
			};
			name = Debug;
		};
		8D43BBF181F48514217AD077 /* Debug */ = {
			isa = XCBuildConfiguration;
			buildSettings = {
				APS_ENVIRONMENT = development;
				ASSETCATALOG_COMPILER_ALTERNATE_APPICON_NAMES = "AppIcon-WWDC26 AppIcon-Monoline AppIcon-Glass";
				ASSETCATALOG_COMPILER_APPICON_NAME = AppIcon;
				ASSETCATALOG_COMPILER_INCLUDE_ALL_APPICON_ASSETS = YES;
				CODE_SIGN_ENTITLEMENTS = TaskWraith.entitlements;
				CODE_SIGN_IDENTITY = "iPhone Developer";
				CODE_SIGN_STYLE = Automatic;
				CURRENT_PROJECT_VERSION = 48;
				DEVELOPMENT_TEAM = 8CZML8FK2D;
				INFOPLIST_FILE = Generated/Info.plist;
				LD_RUNPATH_SEARCH_PATHS = (
					"$(inherited)",
					"@executable_path/Frameworks",
				);
				MARKETING_VERSION = 0.1.0;
				PRODUCT_BUNDLE_IDENTIFIER = com.taskwraith.companion;
				SDKROOT = iphoneos;
				SWIFT_VERSION = 6.0;
				TARGETED_DEVICE_FAMILY = "1,2";
			};
			name = Debug;
		};
		A0727C900ADDEC1961810589 /* Release */ = {
			isa = XCBuildConfiguration;
			buildSettings = {
				CODE_SIGN_ENTITLEMENTS = NotificationService/NotificationService.entitlements;
				CODE_SIGN_STYLE = Automatic;
				CURRENT_PROJECT_VERSION = 48;
				DEVELOPMENT_TEAM = 8CZML8FK2D;
				INFOPLIST_FILE = NotificationService/Info.plist;
				LD_RUNPATH_SEARCH_PATHS = (
					"$(inherited)",
					"@executable_path/Frameworks",
					"@executable_path/../../Frameworks",
				);
				MARKETING_VERSION = 0.1.0;
				PRODUCT_BUNDLE_IDENTIFIER = com.taskwraith.companion.nse;
				SDKROOT = iphoneos;
				SWIFT_VERSION = 6.0;
				TARGETED_DEVICE_FAMILY = "1,2";
			};
			name = Release;
		};
		A200D7ECE58157153BF18085 /* Release */ = {
			isa = XCBuildConfiguration;
			buildSettings = {
				ALWAYS_SEARCH_USER_PATHS = NO;
				CLANG_ANALYZER_NONNULL = YES;
				CLANG_ANALYZER_NUMBER_OBJECT_CONVERSION = YES_AGGRESSIVE;
				CLANG_CXX_LANGUAGE_STANDARD = "gnu++14";
				CLANG_CXX_LIBRARY = "libc++";
				CLANG_ENABLE_MODULES = YES;
				CLANG_ENABLE_OBJC_ARC = YES;
				CLANG_ENABLE_OBJC_WEAK = YES;
				CLANG_WARN_BLOCK_CAPTURE_AUTORELEASING = YES;
				CLANG_WARN_BOOL_CONVERSION = YES;
				CLANG_WARN_COMMA = YES;
				CLANG_WARN_CONSTANT_CONVERSION = YES;
				CLANG_WARN_DEPRECATED_OBJC_IMPLEMENTATIONS = YES;
				CLANG_WARN_DIRECT_OBJC_ISA_USAGE = YES_ERROR;
				CLANG_WARN_DOCUMENTATION_COMMENTS = YES;
				CLANG_WARN_EMPTY_BODY = YES;
				CLANG_WARN_ENUM_CONVERSION = YES;
				CLANG_WARN_INFINITE_RECURSION = YES;
				CLANG_WARN_INT_CONVERSION = YES;
				CLANG_WARN_NON_LITERAL_NULL_CONVERSION = YES;
				CLANG_WARN_OBJC_IMPLICIT_RETAIN_SELF = YES;
				CLANG_WARN_OBJC_LITERAL_CONVERSION = YES;
				CLANG_WARN_OBJC_ROOT_CLASS = YES_ERROR;
				CLANG_WARN_QUOTED_INCLUDE_IN_FRAMEWORK_HEADER = YES;
				CLANG_WARN_RANGE_LOOP_ANALYSIS = YES;
				CLANG_WARN_STRICT_PROTOTYPES = YES;
				CLANG_WARN_SUSPICIOUS_MOVE = YES;
				CLANG_WARN_UNGUARDED_AVAILABILITY = YES_AGGRESSIVE;
				CLANG_WARN_UNREACHABLE_CODE = YES;
				CLANG_WARN__DUPLICATE_METHOD_MATCH = YES;
				COPY_PHASE_STRIP = NO;
				DEBUG_INFORMATION_FORMAT = "dwarf-with-dsym";
				ENABLE_NS_ASSERTIONS = NO;
				ENABLE_STRICT_OBJC_MSGSEND = YES;
				GCC_C_LANGUAGE_STANDARD = gnu11;
				GCC_NO_COMMON_BLOCKS = YES;
				GCC_WARN_64_TO_32_BIT_CONVERSION = YES;
				GCC_WARN_ABOUT_RETURN_TYPE = YES_ERROR;
				GCC_WARN_UNDECLARED_SELECTOR = YES;
				GCC_WARN_UNINITIALIZED_AUTOS = YES_AGGRESSIVE;
				GCC_WARN_UNUSED_FUNCTION = YES;
				GCC_WARN_UNUSED_VARIABLE = YES;
				IPHONEOS_DEPLOYMENT_TARGET = 17.0;
				MTL_ENABLE_DEBUG_INFO = NO;
				MTL_FAST_MATH = YES;
				PRODUCT_NAME = "$(TARGET_NAME)";
				SDKROOT = iphoneos;
				SWIFT_COMPILATION_MODE = wholemodule;
				SWIFT_OPTIMIZATION_LEVEL = "-O";
				SWIFT_VERSION = 5.0;
			};
			name = Release;
		};
		A8789B56ABBA530D9544A721 /* Debug */ = {
			isa = XCBuildConfiguration;
			buildSettings = {
				ALWAYS_SEARCH_USER_PATHS = NO;
				CLANG_ANALYZER_NONNULL = YES;
				CLANG_ANALYZER_NUMBER_OBJECT_CONVERSION = YES_AGGRESSIVE;
				CLANG_CXX_LANGUAGE_STANDARD = "gnu++14";
				CLANG_CXX_LIBRARY = "libc++";
				CLANG_ENABLE_MODULES = YES;
				CLANG_ENABLE_OBJC_ARC = YES;
				CLANG_ENABLE_OBJC_WEAK = YES;
				CLANG_WARN_BLOCK_CAPTURE_AUTORELEASING = YES;
				CLANG_WARN_BOOL_CONVERSION = YES;
				CLANG_WARN_COMMA = YES;
				CLANG_WARN_CONSTANT_CONVERSION = YES;
				CLANG_WARN_DEPRECATED_OBJC_IMPLEMENTATIONS = YES;
				CLANG_WARN_DIRECT_OBJC_ISA_USAGE = YES_ERROR;
				CLANG_WARN_DOCUMENTATION_COMMENTS = YES;
				CLANG_WARN_EMPTY_BODY = YES;
				CLANG_WARN_ENUM_CONVERSION = YES;
				CLANG_WARN_INFINITE_RECURSION = YES;
				CLANG_WARN_INT_CONVERSION = YES;
				CLANG_WARN_NON_LITERAL_NULL_CONVERSION = YES;
				CLANG_WARN_OBJC_IMPLICIT_RETAIN_SELF = YES;
				CLANG_WARN_OBJC_LITERAL_CONVERSION = YES;
				CLANG_WARN_OBJC_ROOT_CLASS = YES_ERROR;
				CLANG_WARN_QUOTED_INCLUDE_IN_FRAMEWORK_HEADER = YES;
				CLANG_WARN_RANGE_LOOP_ANALYSIS = YES;
				CLANG_WARN_STRICT_PROTOTYPES = YES;
				CLANG_WARN_SUSPICIOUS_MOVE = YES;
				CLANG_WARN_UNGUARDED_AVAILABILITY = YES_AGGRESSIVE;
				CLANG_WARN_UNREACHABLE_CODE = YES;
				CLANG_WARN__DUPLICATE_METHOD_MATCH = YES;
				COPY_PHASE_STRIP = NO;
				DEBUG_INFORMATION_FORMAT = dwarf;
				ENABLE_STRICT_OBJC_MSGSEND = YES;
				ENABLE_TESTABILITY = YES;
				GCC_C_LANGUAGE_STANDARD = gnu11;
				GCC_DYNAMIC_NO_PIC = NO;
				GCC_NO_COMMON_BLOCKS = YES;
				GCC_OPTIMIZATION_LEVEL = 0;
				GCC_PREPROCESSOR_DEFINITIONS = (
					"$(inherited)",
					"DEBUG=1",
				);
				GCC_WARN_64_TO_32_BIT_CONVERSION = YES;
				GCC_WARN_ABOUT_RETURN_TYPE = YES_ERROR;
				GCC_WARN_UNDECLARED_SELECTOR = YES;
				GCC_WARN_UNINITIALIZED_AUTOS = YES_AGGRESSIVE;
				GCC_WARN_UNUSED_FUNCTION = YES;
				GCC_WARN_UNUSED_VARIABLE = YES;
				IPHONEOS_DEPLOYMENT_TARGET = 17.0;
				MTL_ENABLE_DEBUG_INFO = INCLUDE_SOURCE;
				MTL_FAST_MATH = YES;
				ONLY_ACTIVE_ARCH = YES;
				PRODUCT_NAME = "$(TARGET_NAME)";
				SDKROOT = iphoneos;
				SWIFT_ACTIVE_COMPILATION_CONDITIONS = DEBUG;
				SWIFT_OPTIMIZATION_LEVEL = "-Onone";
				SWIFT_VERSION = 5.0;
			};
			name = Debug;
		};
		B7480EF057732F4FF6AA7779 /* Debug */ = {
			isa = XCBuildConfiguration;
			buildSettings = {
				BUNDLE_LOADER = "$(TEST_HOST)";
				CODE_SIGN_STYLE = Automatic;
				LD_RUNPATH_SEARCH_PATHS = (
					"$(inherited)",
					"@executable_path/Frameworks",
					"@loader_path/Frameworks",
				);
				PRODUCT_BUNDLE_IDENTIFIER = com.taskwraith.companion.tests;
				SDKROOT = iphoneos;
				SWIFT_VERSION = 6.0;
				TARGETED_DEVICE_FAMILY = "1,2";
				TEST_HOST = "$(BUILT_PRODUCTS_DIR)/TaskWraith.app/TaskWraith";
			};
			name = Debug;
		};
		BA9A4434796613C2994D21AB /* Release */ = {
			isa = XCBuildConfiguration;
			buildSettings = {
				APS_ENVIRONMENT = production;
				ASSETCATALOG_COMPILER_ALTERNATE_APPICON_NAMES = "AppIcon-WWDC26 AppIcon-Monoline AppIcon-Glass";
				ASSETCATALOG_COMPILER_APPICON_NAME = AppIcon;
				ASSETCATALOG_COMPILER_INCLUDE_ALL_APPICON_ASSETS = YES;
				CODE_SIGN_ENTITLEMENTS = TaskWraith.entitlements;
				CODE_SIGN_IDENTITY = "iPhone Developer";
				CODE_SIGN_STYLE = Automatic;
				CURRENT_PROJECT_VERSION = 48;
				DEVELOPMENT_TEAM = 8CZML8FK2D;
				INFOPLIST_FILE = Generated/Info.plist;
				LD_RUNPATH_SEARCH_PATHS = (
					"$(inherited)",
					"@executable_path/Frameworks",
				);
				MARKETING_VERSION = 0.1.0;
				PRODUCT_BUNDLE_IDENTIFIER = com.taskwraith.companion;
				SDKROOT = iphoneos;
				SWIFT_VERSION = 6.0;
				TARGETED_DEVICE_FAMILY = "1,2";
			};
			name = Release;
		};
		C0E502E5C916789F086AC9BF /* Debug */ = {
			isa = XCBuildConfiguration;
			buildSettings = {
				BUNDLE_LOADER = "$(TEST_HOST)";
				CODE_SIGN_STYLE = Automatic;
				LD_RUNPATH_SEARCH_PATHS = (
					"$(inherited)",
					"@executable_path/Frameworks",
					"@loader_path/Frameworks",
				);
				PRODUCT_BUNDLE_IDENTIFIER = com.taskwraith.companion.uitests;
				SDKROOT = iphoneos;
				SWIFT_VERSION = 6.0;
				TARGETED_DEVICE_FAMILY = "1,2";
				TEST_TARGET_NAME = TaskWraith;
			};
			name = Debug;
		};
/* End XCBuildConfiguration section */

/* Begin XCConfigurationList section */
		20E0383AE089372BB7C418AF /* Build configuration list for PBXProject "TaskWraith" */ = {
			isa = XCConfigurationList;
			buildConfigurations = (
				A8789B56ABBA530D9544A721 /* Debug */,
				A200D7ECE58157153BF18085 /* Release */,
			);
			defaultConfigurationIsVisible = 0;
			defaultConfigurationName = Debug;
		};
		60B867136956475E7A7ED7E9 /* Build configuration list for PBXNativeTarget "TaskWraithNotificationService" */ = {
			isa = XCConfigurationList;
			buildConfigurations = (
				691005431A6A29EC6B7A791F /* Debug */,
				A0727C900ADDEC1961810589 /* Release */,
			);
			defaultConfigurationIsVisible = 0;
			defaultConfigurationName = Debug;
		};
		C60AB6663BCAA998B2E59136 /* Build configuration list for PBXNativeTarget "TaskWraith" */ = {
			isa = XCConfigurationList;
			buildConfigurations = (
				8D43BBF181F48514217AD077 /* Debug */,
				BA9A4434796613C2994D21AB /* Release */,
			);
			defaultConfigurationIsVisible = 0;
			defaultConfigurationName = Debug;
		};
		CECB631C2B76D5B789B6213E /* Build configuration list for PBXNativeTarget "TaskWraithUnitTests" */ = {
			isa = XCConfigurationList;
			buildConfigurations = (
				B7480EF057732F4FF6AA7779 /* Debug */,
				2F3CAC1B6602AB6E34507DA4 /* Release */,
			);
			defaultConfigurationIsVisible = 0;
			defaultConfigurationName = Debug;
		};
		DE5DA8BC44E59F0A2F4A65EC /* Build configuration list for PBXNativeTarget "TaskWraithUITests" */ = {
			isa = XCConfigurationList;
			buildConfigurations = (
				C0E502E5C916789F086AC9BF /* Debug */,
				61E371FA2717D7817EE18E05 /* Release */,
			);
			defaultConfigurationIsVisible = 0;
			defaultConfigurationName = Debug;
		};
/* End XCConfigurationList section */

/* Begin XCLocalSwiftPackageReference section */
		1855D6887EB4E2132CB39DE1 /* XCLocalSwiftPackageReference "../TaskWraithKit" */ = {
			isa = XCLocalSwiftPackageReference;
			relativePath = ../TaskWraithKit;
		};
/* End XCLocalSwiftPackageReference section */

/* Begin XCSwiftPackageProductDependency section */
		82D6D74C2FEF1679DD51831D /* TaskWraithKit */ = {
			isa = XCSwiftPackageProductDependency;
			productName = TaskWraithKit;
		};
		AF7441603810B23EE879F5FE /* TaskWraithUI */ = {
			isa = XCSwiftPackageProductDependency;
			productName = TaskWraithUI;
		};
/* End XCSwiftPackageProductDependency section */
	};
	rootObject = 7EDAC42A25DE2C23EFE5B551 /* Project object */;
}
